
Microsoft Visual Studio Solution File, Format Version 12.00
# Visual Studio Version 17
VisualStudioVersion = 17.4.33110.190
MinimumVisualStudioVersion = 10.0.40219.1
Project("{FAE04EC0-301F-11D3-BF4B-00C04F79EFBC}") = "Tema2", "Tema2\Tema2.csproj", "{2202FDDB-E0A5-4D18-844D-734A99210A98}"
EndProject
Global
	GlobalSection(SolutionConfigurationPlatforms) = preSolution
		Debug|Any CPU = Debug|Any CPU
		Release|Any CPU = Release|Any CPU
	EndGlobalSection
	GlobalSection(ProjectConfigurationPlatforms) = postSolution
		{2202FDDB-E0A5-4D18-844D-734A99210A98}.Debug|Any CPU.ActiveCfg = Debug|Any CPU
		{2202FDDB-E0A5-4D18-844D-734A99210A98}.Debug|Any CPU.Build.0 = Debug|Any CPU
		{2202FDDB-E0A5-4D18-844D-734A99210A98}.Release|Any CPU.ActiveCfg = Release|Any CPU
		{2202FDDB-E0A5-4D18-844D-734A99210A98}.Release|Any CPU.Build.0 = Release|Any CPU
	EndGlobalSection
	GlobalSection(SolutionProperties) = preSolution
		HideSolutionNode = FALSE
	EndGlobalSection
	GlobalSection(ExtensibilityGlobals) = postSolution
		SolutionGuid = {8B5ADF49-F0C7-423A-B7B2-1FA1FE408541}
	EndGlobalSection
EndGlobal
